
Microsoft Visual Studio Solution File, Format Version 12.00
# Visual Studio Version 17
VisualStudioVersion = 17.2.32630.192
MinimumVisualStudioVersion = 10.0.40219.1
Project("{FAE04EC0-301F-11D3-BF4B-00C04F79EFBC}") = "WEB_Asystent", "WEB_Asystent\WEB_Asystent.csproj", "{07EE67A5-984C-43D4-9015-B57010908D17}"
EndProject
Global
	GlobalSection(SolutionConfigurationPlatforms) = preSolution
		Debug|Any CPU = Debug|Any CPU
		Release|Any CPU = Release|Any CPU
	EndGlobalSection
	GlobalSection(ProjectConfigurationPlatforms) = postSolution
		{07EE67A5-984C-43D4-9015-B57010908D17}.Debug|Any CPU.ActiveCfg = Debug|Any CPU
		{07EE67A5-984C-43D4-9015-B57010908D17}.Debug|Any CPU.Build.0 = Debug|Any CPU
		{07EE67A5-984C-43D4-9015-B57010908D17}.Release|Any CPU.ActiveCfg = Release|Any CPU
		{07EE67A5-984C-43D4-9015-B57010908D17}.Release|Any CPU.Build.0 = Release|Any CPU
	EndGlobalSection
	GlobalSection(SolutionProperties) = preSolution
		HideSolutionNode = FALSE
	EndGlobalSection
	GlobalSection(ExtensibilityGlobals) = postSolution
		SolutionGuid = {979BD156-0E25-41C8-B438-4485D00703DC}
	EndGlobalSection
EndGlobal
